// !$*UTF8*$!
{
	archiveVersion = 1;
	classes = {
	};
	objectVersion = 46;
	objects = {

/* Begin PBXBuildFile section */
		AD4FDBFF775E0FA5CB45CD18 /* Pods_BikeshareRidePlanner.framework in Frameworks */ = {isa = PBXBuildFile; fileRef = C00CF2C9039AE1916AD5C1F6 /* Pods_BikeshareRidePlanner.framework */; };
		C494A5221F78501B00A13766 /* LocationCell.swift in Sources */ = {isa = PBXBuildFile; fileRef = C494A5211F78501B00A13766 /* LocationCell.swift */; };
		C4BD61921F718C8E004AEF2F /* AppDelegate.swift in Sources */ = {isa = PBXBuildFile; fileRef = C4BD61911F718C8E004AEF2F /* AppDelegate.swift */; };
		C4BD61971F718C8E004AEF2F /* Main.storyboard in Resources */ = {isa = PBXBuildFile; fileRef = C4BD61951F718C8E004AEF2F /* Main.storyboard */; };
		C4BD61991F718C8E004AEF2F /* Assets.xcassets in Resources */ = {isa = PBXBuildFile; fileRef = C4BD61981F718C8E004AEF2F /* Assets.xcassets */; };
		C4BD619C1F718C8E004AEF2F /* LaunchScreen.storyboard in Resources */ = {isa = PBXBuildFile; fileRef = C4BD619A1F718C8E004AEF2F /* LaunchScreen.storyboard */; };
		C4BD61A41F71BF2B004AEF2F /* MapViewController.swift in Sources */ = {isa = PBXBuildFile; fileRef = C4BD61A31F71BF2B004AEF2F /* MapViewController.swift */; };
		C4BD61AB1F72083B004AEF2F /* BikeshareStation.swift in Sources */ = {isa = PBXBuildFile; fileRef = C4BD61AA1F72083B004AEF2F /* BikeshareStation.swift */; };
		C4BD61B01F72CE57004AEF2F /* Utility.swift in Sources */ = {isa = PBXBuildFile; fileRef = C4BD61AF1F72CE56004AEF2F /* Utility.swift */; };
		C4BD61B51F731F18004AEF2F /* BikeshareStationAnnotation.swift in Sources */ = {isa = PBXBuildFile; fileRef = C4BD61B41F731F18004AEF2F /* BikeshareStationAnnotation.swift */; };
		C4C6C0E01F76AB670065FF25 /* AuthService.swift in Sources */ = {isa = PBXBuildFile; fileRef = C4C6C0DF1F76AB660065FF25 /* AuthService.swift */; };
/* End PBXBuildFile section */

/* Begin PBXFileReference section */
		4D197C00CEB860D55FB1464F /* Pods-BikeshareRidePlanner.debug.xcconfig */ = {isa = PBXFileReference; includeInIndex = 1; lastKnownFileType = text.xcconfig; name = "Pods-BikeshareRidePlanner.debug.xcconfig"; path = "Pods/Target Support Files/Pods-BikeshareRidePlanner/Pods-BikeshareRidePlanner.debug.xcconfig"; sourceTree = "<group>"; };
		C00CF2C9039AE1916AD5C1F6 /* Pods_BikeshareRidePlanner.framework */ = {isa = PBXFileReference; explicitFileType = wrapper.framework; includeInIndex = 0; path = Pods_BikeshareRidePlanner.framework; sourceTree = BUILT_PRODUCTS_DIR; };
		C494A5211F78501B00A13766 /* LocationCell.swift */ = {isa = PBXFileReference; fileEncoding = 4; lastKnownFileType = sourcecode.swift; path = LocationCell.swift; sourceTree = "<group>"; };
		C4BD618E1F718C8E004AEF2F /* BikeshareRidePlanner.app */ = {isa = PBXFileReference; explicitFileType = wrapper.application; includeInIndex = 0; path = BikeshareRidePlanner.app; sourceTree = BUILT_PRODUCTS_DIR; };
		C4BD61911F718C8E004AEF2F /* AppDelegate.swift */ = {isa = PBXFileReference; lastKnownFileType = sourcecode.swift; path = AppDelegate.swift; sourceTree = "<group>"; };
		C4BD61961F718C8E004AEF2F /* Base */ = {isa = PBXFileReference; lastKnownFileType = file.storyboard; name = Base; path = Base.lproj/Main.storyboard; sourceTree = "<group>"; };
		C4BD61981F718C8E004AEF2F /* Assets.xcassets */ = {isa = PBXFileReference; lastKnownFileType = folder.assetcatalog; path = Assets.xcassets; sourceTree = "<group>"; };
		C4BD619B1F718C8E004AEF2F /* Base */ = {isa = PBXFileReference; lastKnownFileType = file.storyboard; name = Base; path = Base.lproj/LaunchScreen.storyboard; sourceTree = "<group>"; };
		C4BD619D1F718C8E004AEF2F /* Info.plist */ = {isa = PBXFileReference; lastKnownFileType = text.plist.xml; path = Info.plist; sourceTree = "<group>"; };
		C4BD61A31F71BF2B004AEF2F /* MapViewController.swift */ = {isa = PBXFileReference; fileEncoding = 4; lastKnownFileType = sourcecode.swift; path = MapViewController.swift; sourceTree = "<group>"; };
		C4BD61AA1F72083B004AEF2F /* BikeshareStation.swift */ = {isa = PBXFileReference; fileEncoding = 4; lastKnownFileType = sourcecode.swift; path = BikeshareStation.swift; sourceTree = "<group>"; };
		C4BD61AF1F72CE56004AEF2F /* Utility.swift */ = {isa = PBXFileReference; fileEncoding = 4; lastKnownFileType = sourcecode.swift; path = Utility.swift; sourceTree = "<group>"; };
		C4BD61B41F731F18004AEF2F /* BikeshareStationAnnotation.swift */ = {isa = PBXFileReference; fileEncoding = 4; lastKnownFileType = sourcecode.swift; path = BikeshareStationAnnotation.swift; sourceTree = "<group>"; };
		C4C6C0DF1F76AB660065FF25 /* AuthService.swift */ = {isa = PBXFileReference; fileEncoding = 4; lastKnownFileType = sourcecode.swift; path = AuthService.swift; sourceTree = "<group>"; };
		DFB34A7479073E5A5DF7BF0A /* Pods-BikeshareRidePlanner.release.xcconfig */ = {isa = PBXFileReference; includeInIndex = 1; lastKnownFileType = text.xcconfig; name = "Pods-BikeshareRidePlanner.release.xcconfig"; path = "Pods/Target Support Files/Pods-BikeshareRidePlanner/Pods-BikeshareRidePlanner.release.xcconfig"; sourceTree = "<group>"; };
/* End PBXFileReference section */

/* Begin PBXFrameworksBuildPhase section */
		C4BD618B1F718C8E004AEF2F /* Frameworks */ = {
			isa = PBXFrameworksBuildPhase;
			buildActionMask = 2147483647;
			files = (
				AD4FDBFF775E0FA5CB45CD18 /* Pods_BikeshareRidePlanner.framework in Frameworks */,
			);
			runOnlyForDeploymentPostprocessing = 0;
		};
/* End PBXFrameworksBuildPhase section */

/* Begin PBXGroup section */
		4EB3E7A816F51853678B201F /* Pods */ = {
			isa = PBXGroup;
			children = (
				4D197C00CEB860D55FB1464F /* Pods-BikeshareRidePlanner.debug.xcconfig */,
				DFB34A7479073E5A5DF7BF0A /* Pods-BikeshareRidePlanner.release.xcconfig */,
			);
			name = Pods;
			sourceTree = "<group>";
		};
		C4BD61851F718C8E004AEF2F = {
			isa = PBXGroup;
			children = (
				C4BD61901F718C8E004AEF2F /* BikeshareRidePlanner */,
				C4BD618F1F718C8E004AEF2F /* Products */,
				4EB3E7A816F51853678B201F /* Pods */,
				D927DBD66D258C499FFC5654 /* Frameworks */,
			);
			sourceTree = "<group>";
		};
		C4BD618F1F718C8E004AEF2F /* Products */ = {
			isa = PBXGroup;
			children = (
				C4BD618E1F718C8E004AEF2F /* BikeshareRidePlanner.app */,
			);
			name = Products;
			sourceTree = "<group>";
		};
		C4BD61901F718C8E004AEF2F /* BikeshareRidePlanner */ = {
			isa = PBXGroup;
			children = (
				C4BD61911F718C8E004AEF2F /* AppDelegate.swift */,
				C4C6C0DE1F76AB520065FF25 /* AuthService */,
				C4BD61A61F7206BF004AEF2F /* Model */,
				C4BD61A71F7206C8004AEF2F /* View */,
				C4BD61A51F7206B8004AEF2F /* Controller */,
				C4BD61AE1F72CE3B004AEF2F /* Utility */,
				C4BD61951F718C8E004AEF2F /* Main.storyboard */,
				C4BD619A1F718C8E004AEF2F /* LaunchScreen.storyboard */,
				C4BD61981F718C8E004AEF2F /* Assets.xcassets */,
				C4BD619D1F718C8E004AEF2F /* Info.plist */,
			);
			path = BikeshareRidePlanner;
			sourceTree = "<group>";
		};
		C4BD61A51F7206B8004AEF2F /* Controller */ = {
			isa = PBXGroup;
			children = (
				C4BD61A31F71BF2B004AEF2F /* MapViewController.swift */,
			);
			name = Controller;
			sourceTree = "<group>";
		};
		C4BD61A61F7206BF004AEF2F /* Model */ = {
			isa = PBXGroup;
			children = (
				C4BD61AA1F72083B004AEF2F /* BikeshareStation.swift */,
			);
			name = Model;
			sourceTree = "<group>";
		};
		C4BD61A71F7206C8004AEF2F /* View */ = {
			isa = PBXGroup;
			children = (
				C4BD61B41F731F18004AEF2F /* BikeshareStationAnnotation.swift */,
				C494A5211F78501B00A13766 /* LocationCell.swift */,
			);
			name = View;
			sourceTree = "<group>";
		};
		C4BD61AE1F72CE3B004AEF2F /* Utility */ = {
			isa = PBXGroup;
			children = (
				C4BD61AF1F72CE56004AEF2F /* Utility.swift */,
			);
			name = Utility;
			sourceTree = "<group>";
		};
		C4C6C0DE1F76AB520065FF25 /* AuthService */ = {
			isa = PBXGroup;
			children = (
				C4C6C0DF1F76AB660065FF25 /* AuthService.swift */,
			);
			name = AuthService;
			sourceTree = "<group>";
		};
		D927DBD66D258C499FFC5654 /* Frameworks */ = {
			isa = PBXGroup;
			children = (
				C00CF2C9039AE1916AD5C1F6 /* Pods_BikeshareRidePlanner.framework */,
			);
			name = Frameworks;
			sourceTree = "<group>";
		};
/* End PBXGroup section */

/* Begin PBXNativeTarget section */
		C4BD618D1F718C8E004AEF2F /* BikeshareRidePlanner */ = {
			isa = PBXNativeTarget;
			buildConfigurationList = C4BD61A01F718C8E004AEF2F /* Build configuration list for PBXNativeTarget "BikeshareRidePlanner" */;
			buildPhases = (
				E9B1856EA29C6F0200003151 /* [CP] Check Pods Manifest.lock */,
				C4BD618A1F718C8E004AEF2F /* Sources */,
				C4BD618B1F718C8E004AEF2F /* Frameworks */,
				C4BD618C1F718C8E004AEF2F /* Resources */,
				37678F4C134191DB607A0680 /* [CP] Embed Pods Frameworks */,
				31AFF71E2F454843562BFAB4 /* [CP] Copy Pods Resources */,
			);
			buildRules = (
			);
			dependencies = (
			);
			name = BikeshareRidePlanner;
			productName = BikeshareRidePlanner;
			productReference = C4BD618E1F718C8E004AEF2F /* BikeshareRidePlanner.app */;
			productType = "com.apple.product-type.application";
		};
/* End PBXNativeTarget section */

/* Begin PBXProject section */
		C4BD61861F718C8E004AEF2F /* Project object */ = {
			isa = PBXProject;
			attributes = {
				LastSwiftUpdateCheck = 0830;
				LastUpgradeCheck = 0830;
				ORGANIZATIONNAME = "Akash Ungarala";
				TargetAttributes = {
					C4BD618D1F718C8E004AEF2F = {
						CreatedOnToolsVersion = 8.3.3;
						DevelopmentTeam = 83HXKRAAE8;
						ProvisioningStyle = Automatic;
					};
				};
			};
			buildConfigurationList = C4BD61891F718C8E004AEF2F /* Build configuration list for PBXProject "BikeshareRidePlanner" */;
			compatibilityVersion = "Xcode 3.2";
			developmentRegion = English;
			hasScannedForEncodings = 0;
			knownRegions = (
				en,
				Base,
			);
			mainGroup = C4BD61851F718C8E004AEF2F;
			productRefGroup = C4BD618F1F718C8E004AEF2F /* Products */;
			projectDirPath = "";
			projectRoot = "";
			targets = (
				C4BD618D1F718C8E004AEF2F /* BikeshareRidePlanner */,
			);
		};
/* End PBXProject section */

/* Begin PBXResourcesBuildPhase section */
		C4BD618C1F718C8E004AEF2F /* Resources */ = {
			isa = PBXResourcesBuildPhase;
			buildActionMask = 2147483647;
			files = (
				C4BD619C1F718C8E004AEF2F /* LaunchScreen.storyboard in Resources */,
				C4BD61991F718C8E004AEF2F /* Assets.xcassets in Resources */,
				C4BD61971F718C8E004AEF2F /* Main.storyboard in Resources */,
			);
			runOnlyForDeploymentPostprocessing = 0;
		};
/* End PBXResourcesBuildPhase section */

/* Begin PBXShellScriptBuildPhase section */
		31AFF71E2F454843562BFAB4 /* [CP] Copy Pods Resources */ = {
			isa = PBXShellScriptBuildPhase;
			buildActionMask = 2147483647;
			files = (
			);
			inputPaths = (
			);
			name = "[CP] Copy Pods Resources";
			outputPaths = (
			);
			runOnlyForDeploymentPostprocessing = 0;
			shellPath = /bin/sh;
			shellScript = "\"${SRCROOT}/Pods/Target Support Files/Pods-BikeshareRidePlanner/Pods-BikeshareRidePlanner-resources.sh\"\n";
			showEnvVarsInLog = 0;
		};
		37678F4C134191DB607A0680 /* [CP] Embed Pods Frameworks */ = {
			isa = PBXShellScriptBuildPhase;
			buildActionMask = 2147483647;
			files = (
			);
			inputPaths = (
			);
			name = "[CP] Embed Pods Frameworks";
			outputPaths = (
			);
			runOnlyForDeploymentPostprocessing = 0;
			shellPath = /bin/sh;
			shellScript = "\"${SRCROOT}/Pods/Target Support Files/Pods-BikeshareRidePlanner/Pods-BikeshareRidePlanner-frameworks.sh\"\n";
			showEnvVarsInLog = 0;
		};
		E9B1856EA29C6F0200003151 /* [CP] Check Pods Manifest.lock */ = {
			isa = PBXShellScriptBuildPhase;
			buildActionMask = 2147483647;
			files = (
			);
			inputPaths = (
			);
			name = "[CP] Check Pods Manifest.lock";
			outputPaths = (
			);
			runOnlyForDeploymentPostprocessing = 0;
			shellPath = /bin/sh;
			shellScript = "diff \"${PODS_ROOT}/../Podfile.lock\" \"${PODS_ROOT}/Manifest.lock\" > /dev/null\nif [[ $? != 0 ]] ; then\n    cat << EOM\nerror: The sandbox is not in sync with the Podfile.lock. Run 'pod install' or update your CocoaPods installation.\nEOM\n    exit 1\nfi\n";
			showEnvVarsInLog = 0;
		};
/* End PBXShellScriptBuildPhase section */

/* Begin PBXSourcesBuildPhase section */
		C4BD618A1F718C8E004AEF2F /* Sources */ = {
			isa = PBXSourcesBuildPhase;
			buildActionMask = 2147483647;
			files = (
				C4BD61B01F72CE57004AEF2F /* Utility.swift in Sources */,
				C4BD61921F718C8E004AEF2F /* AppDelegate.swift in Sources */,
				C4BD61AB1F72083B004AEF2F /* BikeshareStation.swift in Sources */,
				C4C6C0E01F76AB670065FF25 /* AuthService.swift in Sources */,
				C494A5221F78501B00A13766 /* LocationCell.swift in Sources */,
				C4BD61A41F71BF2B004AEF2F /* MapViewController.swift in Sources */,
				C4BD61B51F731F18004AEF2F /* BikeshareStationAnnotation.swift in Sources */,
			);
			runOnlyForDeploymentPostprocessing = 0;
		};
/* End PBXSourcesBuildPhase section */

/* Begin PBXVariantGroup section */
		C4BD61951F718C8E004AEF2F /* Main.storyboard */ = {
			isa = PBXVariantGroup;
			children = (
				C4BD61961F718C8E004AEF2F /* Base */,
			);
			name = Main.storyboard;
			sourceTree = "<group>";
		};
		C4BD619A1F718C8E004AEF2F /* LaunchScreen.storyboard */ = {
			isa = PBXVariantGroup;
			children = (
				C4BD619B1F718C8E004AEF2F /* Base */,
			);
			name = LaunchScreen.storyboard;
			sourceTree = "<group>";
		};
/* End PBXVariantGroup section */

/* Begin XCBuildConfiguration section */
		C4BD619E1F718C8E004AEF2F /* Debug */ = {
			isa = XCBuildConfiguration;
			buildSettings = {
				ALWAYS_SEARCH_USER_PATHS = NO;
				CLANG_ANALYZER_NONNULL = YES;
				CLANG_ANALYZER_NUMBER_OBJECT_CONVERSION = YES_AGGRESSIVE;
				CLANG_CXX_LANGUAGE_STANDARD = "gnu++0x";
				CLANG_CXX_LIBRARY = "libc++";
				CLANG_ENABLE_MODULES = YES;
				CLANG_ENABLE_OBJC_ARC = YES;
				CLANG_WARN_BOOL_CONVERSION = YES;
				CLANG_WARN_CONSTANT_CONVERSION = YES;
				CLANG_WARN_DIRECT_OBJC_ISA_USAGE = YES_ERROR;
				CLANG_WARN_DOCUMENTATION_COMMENTS = YES;
				CLANG_WARN_EMPTY_BODY = YES;
				CLANG_WARN_ENUM_CONVERSION = YES;
				CLANG_WARN_INFINITE_RECURSION = YES;
				CLANG_WARN_INT_CONVERSION = YES;
				CLANG_WARN_OBJC_ROOT_CLASS = YES_ERROR;
				CLANG_WARN_SUSPICIOUS_MOVE = YES;
				CLANG_WARN_UNREACHABLE_CODE = YES;
				CLANG_WARN__DUPLICATE_METHOD_MATCH = YES;
				"CODE_SIGN_IDENTITY[sdk=iphoneos*]" = "iPhone Developer";
				COPY_PHASE_STRIP = NO;
				DEBUG_INFORMATION_FORMAT = dwarf;
				ENABLE_STRICT_OBJC_MSGSEND = YES;
				ENABLE_TESTABILITY = YES;
				GCC_C_LANGUAGE_STANDARD = gnu99;
				GCC_DYNAMIC_NO_PIC = NO;
				GCC_NO_COMMON_BLOCKS = YES;
				GCC_OPTIMIZATION_LEVEL = 0;
				GCC_PREPROCESSOR_DEFINITIONS = (
					"DEBUG=1",
					"$(inherited)",
				);
				GCC_WARN_64_TO_32_BIT_CONVERSION = YES;
				GCC_WARN_ABOUT_RETURN_TYPE = YES_ERROR;
				GCC_WARN_UNDECLARED_SELECTOR = YES;
				GCC_WARN_UNINITIALIZED_AUTOS = YES_AGGRESSIVE;
				GCC_WARN_UNUSED_FUNCTION = YES;
				GCC_WARN_UNUSED_VARIABLE = YES;
				IPHONEOS_DEPLOYMENT_TARGET = 10.3;
				MTL_ENABLE_DEBUG_INFO = YES;
				ONLY_ACTIVE_ARCH = YES;
				SDKROOT = iphoneos;
				SWIFT_ACTIVE_COMPILATION_CONDITIONS = DEBUG;
				SWIFT_OPTIMIZATION_LEVEL = "-Onone";
				TARGETED_DEVICE_FAMILY = "1,2";
			};
			name = Debug;
		};
		C4BD619F1F718C8E004AEF2F /* Release */ = {
			isa = XCBuildConfiguration;
			buildSettings = {
				ALWAYS_SEARCH_USER_PATHS = NO;
				CLANG_ANALYZER_NONNULL = YES;
				CLANG_ANALYZER_NUMBER_OBJECT_CONVERSION = YES_AGGRESSIVE;
				CLANG_CXX_LANGUAGE_STANDARD = "gnu++0x";
				CLANG_CXX_LIBRARY = "libc++";
				CLANG_ENABLE_MODULES = YES;
				CLANG_ENABLE_OBJC_ARC = YES;
				CLANG_WARN_BOOL_CONVERSION = YES;
				CLANG_WARN_CONSTANT_CONVERSION = YES;
				CLANG_WARN_DIRECT_OBJC_ISA_USAGE = YES_ERROR;
				CLANG_WARN_DOCUMENTATION_COMMENTS = YES;
				CLANG_WARN_EMPTY_BODY = YES;
				CLANG_WARN_ENUM_CONVERSION = YES;
				CLANG_WARN_INFINITE_RECURSION = YES;
				CLANG_WARN_INT_CONVERSION = YES;
				CLANG_WARN_OBJC_ROOT_CLASS = YES_ERROR;
				CLANG_WARN_SUSPICIOUS_MOVE = YES;
				CLANG_WARN_UNREACHABLE_CODE = YES;
				CLANG_WARN__DUPLICATE_METHOD_MATCH = YES;
				"CODE_SIGN_IDENTITY[sdk=iphoneos*]" = "iPhone Developer";
				COPY_PHASE_STRIP = NO;
				DEBUG_INFORMATION_FORMAT = "dwarf-with-dsym";
				ENABLE_NS_ASSERTIONS = NO;
				ENABLE_STRICT_OBJC_MSGSEND = YES;
				GCC_C_LANGUAGE_STANDARD = gnu99;
				GCC_NO_COMMON_BLOCKS = YES;
				GCC_WARN_64_TO_32_BIT_CONVERSION = YES;
				GCC_WARN_ABOUT_RETURN_TYPE = YES_ERROR;
				GCC_WARN_UNDECLARED_SELECTOR = YES;
				GCC_WARN_UNINITIALIZED_AUTOS = YES_AGGRESSIVE;
				GCC_WARN_UNUSED_FUNCTION = YES;
				GCC_WARN_UNUSED_VARIABLE = YES;
				IPHONEOS_DEPLOYMENT_TARGET = 10.3;
				MTL_ENABLE_DEBUG_INFO = NO;
				SDKROOT = iphoneos;
				SWIFT_OPTIMIZATION_LEVEL = "-Owholemodule";
				TARGETED_DEVICE_FAMILY = "1,2";
				VALIDATE_PRODUCT = YES;
			};
			name = Release;
		};
		C4BD61A11F718C8E004AEF2F /* Debug */ = {
			isa = XCBuildConfiguration;
			baseConfigurationReference = 4D197C00CEB860D55FB1464F /* Pods-BikeshareRidePlanner.debug.xcconfig */;
			buildSettings = {
				ASSETCATALOG_COMPILER_APPICON_NAME = AppIcon;
				DEVELOPMENT_TEAM = 83HXKRAAE8;
				INFOPLIST_FILE = BikeshareRidePlanner/Info.plist;
				LD_RUNPATH_SEARCH_PATHS = "$(inherited) @executable_path/Frameworks";
				PRODUCT_BUNDLE_IDENTIFIER = akashungarala.BikeshareRidePlanner;
				PRODUCT_NAME = "$(TARGET_NAME)";
				SWIFT_VERSION = 3.0;
			};
			name = Debug;
		};
		C4BD61A21F718C8E004AEF2F /* Release */ = {
			isa = XCBuildConfiguration;
			baseConfigurationReference = DFB34A7479073E5A5DF7BF0A /* Pods-BikeshareRidePlanner.release.xcconfig */;
			buildSettings = {
				ASSETCATALOG_COMPILER_APPICON_NAME = AppIcon;
				DEVELOPMENT_TEAM = 83HXKRAAE8;
				INFOPLIST_FILE = BikeshareRidePlanner/Info.plist;
				LD_RUNPATH_SEARCH_PATHS = "$(inherited) @executable_path/Frameworks";
				PRODUCT_BUNDLE_IDENTIFIER = akashungarala.BikeshareRidePlanner;
				PRODUCT_NAME = "$(TARGET_NAME)";
				SWIFT_VERSION = 3.0;
			};
			name = Release;
		};
/* End XCBuildConfiguration section */

/* Begin XCConfigurationList section */
		C4BD61891F718C8E004AEF2F /* Build configuration list for PBXProject "BikeshareRidePlanner" */ = {
			isa = XCConfigurationList;
			buildConfigurations = (
				C4BD619E1F718C8E004AEF2F /* Debug */,
				C4BD619F1F718C8E004AEF2F /* Release */,
			);
			defaultConfigurationIsVisible = 0;
			defaultConfigurationName = Release;
		};
		C4BD61A01F718C8E004AEF2F /* Build configuration list for PBXNativeTarget "BikeshareRidePlanner" */ = {
			isa = XCConfigurationList;
			buildConfigurations = (
				C4BD61A11F718C8E004AEF2F /* Debug */,
				C4BD61A21F718C8E004AEF2F /* Release */,
			);
			defaultConfigurationIsVisible = 0;
			defaultConfigurationName = Release;
		};
/* End XCConfigurationList section */
	};
	rootObject = C4BD61861F718C8E004AEF2F /* Project object */;
}
